
Microsoft Visual Studio Solution File, Format Version 12.00
# Visual Studio Version 17
VisualStudioVersion = 17.0.32112.339
MinimumVisualStudioVersion = 10.0.40219.1
Project("{FAE04EC0-301F-11D3-BF4B-00C04F79EFBC}") = "BmiCalcWeb", "WebApplication1\BmiCalcWeb.csproj", "{536835E9-81B9-4580-BA9D-84BC6EFEF206}"
EndProject
Project("{FAE04EC0-301F-11D3-BF4B-00C04F79EFBC}") = "TestProject1", "TestProject1\TestProject1.csproj", "{C493B264-C332-459B-A4D4-B0337700D175}"
EndProject
Global
	GlobalSection(SolutionConfigurationPlatforms) = preSolution
		Debug|Any CPU = Debug|Any CPU
		Release|Any CPU = Release|Any CPU
	EndGlobalSection
	GlobalSection(ProjectConfigurationPlatforms) = postSolution
		{536835E9-81B9-4580-BA9D-84BC6EFEF206}.Debug|Any CPU.ActiveCfg = Debug|Any CPU
		{536835E9-81B9-4580-BA9D-84BC6EFEF206}.Debug|Any CPU.Build.0 = Debug|Any CPU
		{536835E9-81B9-4580-BA9D-84BC6EFEF206}.Release|Any CPU.ActiveCfg = Release|Any CPU
		{536835E9-81B9-4580-BA9D-84BC6EFEF206}.Release|Any CPU.Build.0 = Release|Any CPU
		{C493B264-C332-459B-A4D4-B0337700D175}.Debug|Any CPU.ActiveCfg = Debug|Any CPU
		{C493B264-C332-459B-A4D4-B0337700D175}.Debug|Any CPU.Build.0 = Debug|Any CPU
		{C493B264-C332-459B-A4D4-B0337700D175}.Release|Any CPU.ActiveCfg = Release|Any CPU
		{C493B264-C332-459B-A4D4-B0337700D175}.Release|Any CPU.Build.0 = Release|Any CPU
	EndGlobalSection
	GlobalSection(SolutionProperties) = preSolution
		HideSolutionNode = FALSE
	EndGlobalSection
	GlobalSection(ExtensibilityGlobals) = postSolution
		SolutionGuid = {E7044272-E4E8-41AE-9064-F543D325C803}
	EndGlobalSection
EndGlobal
